
Microsoft Visual Studio Solution File, Format Version 12.00
# Visual Studio Version 16
VisualStudioVersion = 16.0.31112.23
MinimumVisualStudioVersion = 10.0.40219.1
Project("{FAE04EC0-301F-11D3-BF4B-00C04F79EFBC}") = "CapaPresentacion", "UniversidadAndinadelCusco2021\CapaPresentacion.csproj", "{E7D454CF-39E8-4A3B-9AE2-7C2241CB6C05}"
EndProject
Project("{FAE04EC0-301F-11D3-BF4B-00C04F79EFBC}") = "CapaNegocio", "CapaNegocio\CapaNegocio.csproj", "{3C63DC9C-79E8-49C5-8045-4F0601C50A59}"
EndProject
Global
	GlobalSection(SolutionConfigurationPlatforms) = preSolution
		Debug|Any CPU = Debug|Any CPU
		Release|Any CPU = Release|Any CPU
	EndGlobalSection
	GlobalSection(ProjectConfigurationPlatforms) = postSolution
		{E7D454CF-39E8-4A3B-9AE2-7C2241CB6C05}.Debug|Any CPU.ActiveCfg = Debug|Any CPU
		{E7D454CF-39E8-4A3B-9AE2-7C2241CB6C05}.Debug|Any CPU.Build.0 = Debug|Any CPU
		{E7D454CF-39E8-4A3B-9AE2-7C2241CB6C05}.Release|Any CPU.ActiveCfg = Release|Any CPU
		{E7D454CF-39E8-4A3B-9AE2-7C2241CB6C05}.Release|Any CPU.Build.0 = Release|Any CPU
		{3C63DC9C-79E8-49C5-8045-4F0601C50A59}.Debug|Any CPU.ActiveCfg = Debug|Any CPU
		{3C63DC9C-79E8-49C5-8045-4F0601C50A59}.Debug|Any CPU.Build.0 = Debug|Any CPU
		{3C63DC9C-79E8-49C5-8045-4F0601C50A59}.Release|Any CPU.ActiveCfg = Release|Any CPU
		{3C63DC9C-79E8-49C5-8045-4F0601C50A59}.Release|Any CPU.Build.0 = Release|Any CPU
	EndGlobalSection
	GlobalSection(SolutionProperties) = preSolution
		HideSolutionNode = FALSE
	EndGlobalSection
	GlobalSection(ExtensibilityGlobals) = postSolution
		SolutionGuid = {7A6C6E88-8BE5-4AAD-9943-443BC6046D53}
	EndGlobalSection
EndGlobal
